
Microsoft Visual Studio Solution File, Format Version 12.00
# Visual Studio Version 16
VisualStudioVersion = 16.0.28721.148
MinimumVisualStudioVersion = 10.0.40219.1
Project("{2150E333-8FDC-42A3-9474-1A3956D46DE8}") = "Solution Items", "Solution Items", "{EE36102D-AC13-4DED-802B-F265CB1DEE53}"
	ProjectSection(SolutionItems) = preProject
		appveyor.yml = appveyor.yml
		CHANGELOG.md = CHANGELOG.md
		CONTRIBUTING.md = CONTRIBUTING.md
		LICENSE.txt = LICENSE.txt
		README.md = README.md
	EndProjectSection
EndProject
Project("{2150E333-8FDC-42A3-9474-1A3956D46DE8}") = "logo-files", "logo-files", "{5A50B081-F4DF-42AD-9C52-3FDADE6D2919}"
	ProjectSection(SolutionItems) = preProject
		logo-files\ccxt.net.api.png = logo-files\ccxt.net.api.png
		logo-files\ccxt.net.ico = logo-files\ccxt.net.ico
	EndProjectSection
EndProject
Project("{2150E333-8FDC-42A3-9474-1A3956D46DE8}") = "sample", "sample", "{F5F13CB7-91AE-498C-AD71-9EC31AA49A5B}"
EndProject
Project("{2150E333-8FDC-42A3-9474-1A3956D46DE8}") = "src", "src", "{9E137A9C-8E9F-4484-B4A2-D190573B082C}"
EndProject
Project("{9A19103F-16F7-4668-BE54-9A1E7A4F7556}") = "ccxt.net", "src\ccxt.net.csproj", "{1AF35DB8-580D-4D5B-A50F-B2C63CF5856D}"
EndProject
Project("{9A19103F-16F7-4668-BE54-9A1E7A4F7556}") = "ccxt.test", "sample\ccxt.test\ccxt.test.csproj", "{E972A495-D622-4D66-9564-E8EB170E740A}"
EndProject
Project("{9A19103F-16F7-4668-BE54-9A1E7A4F7556}") = "binance", "sample\binance\binance.csproj", "{07C1BDD2-6A52-4E6F-845B-ADAE37016395}"
EndProject
Project("{FAE04EC0-301F-11D3-BF4B-00C04F79EFBC}") = "kraken", "sample\kraken\kraken.csproj", "{175C73B8-341C-471A-B9F6-559E3D0D41C6}"
EndProject
Project("{FAE04EC0-301F-11D3-BF4B-00C04F79EFBC}") = "bitmex", "sample\bitmex\bitmex.csproj", "{F0F88963-FF57-4587-A08A-A819A10C3A88}"
EndProject
Global
	GlobalSection(SolutionConfigurationPlatforms) = preSolution
		Debug|Any CPU = Debug|Any CPU
		Debug|x64 = Debug|x64
		Debug|x86 = Debug|x86
		Release|Any CPU = Release|Any CPU
		Release|x64 = Release|x64
		Release|x86 = Release|x86
	EndGlobalSection
	GlobalSection(ProjectConfigurationPlatforms) = postSolution
		{1AF35DB8-580D-4D5B-A50F-B2C63CF5856D}.Debug|Any CPU.ActiveCfg = Debug|Any CPU
		{1AF35DB8-580D-4D5B-A50F-B2C63CF5856D}.Debug|Any CPU.Build.0 = Debug|Any CPU
		{1AF35DB8-580D-4D5B-A50F-B2C63CF5856D}.Debug|x64.ActiveCfg = Debug|Any CPU
		{1AF35DB8-580D-4D5B-A50F-B2C63CF5856D}.Debug|x64.Build.0 = Debug|Any CPU
		{1AF35DB8-580D-4D5B-A50F-B2C63CF5856D}.Debug|x86.ActiveCfg = Debug|Any CPU
		{1AF35DB8-580D-4D5B-A50F-B2C63CF5856D}.Debug|x86.Build.0 = Debug|Any CPU
		{1AF35DB8-580D-4D5B-A50F-B2C63CF5856D}.Release|Any CPU.ActiveCfg = Release|Any CPU
		{1AF35DB8-580D-4D5B-A50F-B2C63CF5856D}.Release|Any CPU.Build.0 = Release|Any CPU
		{1AF35DB8-580D-4D5B-A50F-B2C63CF5856D}.Release|x64.ActiveCfg = Release|Any CPU
		{1AF35DB8-580D-4D5B-A50F-B2C63CF5856D}.Release|x64.Build.0 = Release|Any CPU
		{1AF35DB8-580D-4D5B-A50F-B2C63CF5856D}.Release|x86.ActiveCfg = Release|Any CPU
		{1AF35DB8-580D-4D5B-A50F-B2C63CF5856D}.Release|x86.Build.0 = Release|Any CPU
		{E972A495-D622-4D66-9564-E8EB170E740A}.Debug|Any CPU.ActiveCfg = Debug|Any CPU
		{E972A495-D622-4D66-9564-E8EB170E740A}.Debug|Any CPU.Build.0 = Debug|Any CPU
		{E972A495-D622-4D66-9564-E8EB170E740A}.Debug|x64.ActiveCfg = Debug|Any CPU
		{E972A495-D622-4D66-9564-E8EB170E740A}.Debug|x64.Build.0 = Debug|Any CPU
		{E972A495-D622-4D66-9564-E8EB170E740A}.Debug|x86.ActiveCfg = Debug|Any CPU
		{E972A495-D622-4D66-9564-E8EB170E740A}.Debug|x86.Build.0 = Debug|Any CPU
		{E972A495-D622-4D66-9564-E8EB170E740A}.Release|Any CPU.ActiveCfg = Release|Any CPU
		{E972A495-D622-4D66-9564-E8EB170E740A}.Release|Any CPU.Build.0 = Release|Any CPU
		{E972A495-D622-4D66-9564-E8EB170E740A}.Release|x64.ActiveCfg = Release|Any CPU
		{E972A495-D622-4D66-9564-E8EB170E740A}.Release|x64.Build.0 = Release|Any CPU
		{E972A495-D622-4D66-9564-E8EB170E740A}.Release|x86.ActiveCfg = Release|Any CPU
		{E972A495-D622-4D66-9564-E8EB170E740A}.Release|x86.Build.0 = Release|Any CPU
		{07C1BDD2-6A52-4E6F-845B-ADAE37016395}.Debug|Any CPU.ActiveCfg = Debug|Any CPU
		{07C1BDD2-6A52-4E6F-845B-ADAE37016395}.Debug|Any CPU.Build.0 = Debug|Any CPU
		{07C1BDD2-6A52-4E6F-845B-ADAE37016395}.Debug|x64.ActiveCfg = Debug|x64
		{07C1BDD2-6A52-4E6F-845B-ADAE37016395}.Debug|x64.Build.0 = Debug|x64
		{07C1BDD2-6A52-4E6F-845B-ADAE37016395}.Debug|x86.ActiveCfg = Debug|x86
		{07C1BDD2-6A52-4E6F-845B-ADAE37016395}.Debug|x86.Build.0 = Debug|x86
		{07C1BDD2-6A52-4E6F-845B-ADAE37016395}.Release|Any CPU.ActiveCfg = Release|Any CPU
		{07C1BDD2-6A52-4E6F-845B-ADAE37016395}.Release|Any CPU.Build.0 = Release|Any CPU
		{07C1BDD2-6A52-4E6F-845B-ADAE37016395}.Release|x64.ActiveCfg = Release|x64
		{07C1BDD2-6A52-4E6F-845B-ADAE37016395}.Release|x64.Build.0 = Release|x64
		{07C1BDD2-6A52-4E6F-845B-ADAE37016395}.Release|x86.ActiveCfg = Release|x86
		{07C1BDD2-6A52-4E6F-845B-ADAE37016395}.Release|x86.Build.0 = Release|x86
		{175C73B8-341C-471A-B9F6-559E3D0D41C6}.Debug|Any CPU.ActiveCfg = Debug|Any CPU
		{175C73B8-341C-471A-B9F6-559E3D0D41C6}.Debug|Any CPU.Build.0 = Debug|Any CPU
		{175C73B8-341C-471A-B9F6-559E3D0D41C6}.Debug|x64.ActiveCfg = Debug|Any CPU
		{175C73B8-341C-471A-B9F6-559E3D0D41C6}.Debug|x64.Build.0 = Debug|Any CPU
		{175C73B8-341C-471A-B9F6-559E3D0D41C6}.Debug|x86.ActiveCfg = Debug|Any CPU
		{175C73B8-341C-471A-B9F6-559E3D0D41C6}.Debug|x86.Build.0 = Debug|Any CPU
		{175C73B8-341C-471A-B9F6-559E3D0D41C6}.Release|Any CPU.ActiveCfg = Release|Any CPU
		{175C73B8-341C-471A-B9F6-559E3D0D41C6}.Release|Any CPU.Build.0 = Release|Any CPU
		{175C73B8-341C-471A-B9F6-559E3D0D41C6}.Release|x64.ActiveCfg = Release|Any CPU
		{175C73B8-341C-471A-B9F6-559E3D0D41C6}.Release|x64.Build.0 = Release|Any CPU
		{175C73B8-341C-471A-B9F6-559E3D0D41C6}.Release|x86.ActiveCfg = Release|Any CPU
		{175C73B8-341C-471A-B9F6-559E3D0D41C6}.Release|x86.Build.0 = Release|Any CPU
		{F0F88963-FF57-4587-A08A-A819A10C3A88}.Debug|Any CPU.ActiveCfg = Debug|Any CPU
		{F0F88963-FF57-4587-A08A-A819A10C3A88}.Debug|Any CPU.Build.0 = Debug|Any CPU
		{F0F88963-FF57-4587-A08A-A819A10C3A88}.Debug|x64.ActiveCfg = Debug|Any CPU
		{F0F88963-FF57-4587-A08A-A819A10C3A88}.Debug|x64.Build.0 = Debug|Any CPU
		{F0F88963-FF57-4587-A08A-A819A10C3A88}.Debug|x86.ActiveCfg = Debug|Any CPU
		{F0F88963-FF57-4587-A08A-A819A10C3A88}.Debug|x86.Build.0 = Debug|Any CPU
		{F0F88963-FF57-4587-A08A-A819A10C3A88}.Release|Any CPU.ActiveCfg = Release|Any CPU
		{F0F88963-FF57-4587-A08A-A819A10C3A88}.Release|Any CPU.Build.0 = Release|Any CPU
		{F0F88963-FF57-4587-A08A-A819A10C3A88}.Release|x64.ActiveCfg = Release|Any CPU
		{F0F88963-FF57-4587-A08A-A819A10C3A88}.Release|x64.Build.0 = Release|Any CPU
		{F0F88963-FF57-4587-A08A-A819A10C3A88}.Release|x86.ActiveCfg = Release|Any CPU
		{F0F88963-FF57-4587-A08A-A819A10C3A88}.Release|x86.Build.0 = Release|Any CPU
	EndGlobalSection
	GlobalSection(SolutionProperties) = preSolution
		HideSolutionNode = FALSE
	EndGlobalSection
	GlobalSection(NestedProjects) = preSolution
		{1AF35DB8-580D-4D5B-A50F-B2C63CF5856D} = {9E137A9C-8E9F-4484-B4A2-D190573B082C}
		{E972A495-D622-4D66-9564-E8EB170E740A} = {F5F13CB7-91AE-498C-AD71-9EC31AA49A5B}
		{07C1BDD2-6A52-4E6F-845B-ADAE37016395} = {F5F13CB7-91AE-498C-AD71-9EC31AA49A5B}
		{175C73B8-341C-471A-B9F6-559E3D0D41C6} = {F5F13CB7-91AE-498C-AD71-9EC31AA49A5B}
		{F0F88963-FF57-4587-A08A-A819A10C3A88} = {F5F13CB7-91AE-498C-AD71-9EC31AA49A5B}
	EndGlobalSection
	GlobalSection(ExtensibilityGlobals) = postSolution
		SolutionGuid = {10D0D5D6-447B-4484-A230-BBDBAA48885C}
	EndGlobalSection
EndGlobal
