<Solution>
  <Configurations>
    <Platform Name="Any CPU" />
    <Platform Name="x64" />
    <Platform Name="x86" />
  </Configurations>
  <Folder Name="/docs/">
    <File Path="docs/CONTRIBUTING.md" />
    <File Path="docs/DEPLOYMENT.md" />
    <File Path="docs/DESIGN.md" />
    <File Path="docs/RELEASE.md" />
    <File Path="docs/ROADMAP.md" />
    <File Path="docs/TASK.md" />
  </Folder>
  <Folder Name="/samples/">
    <Project Path="samples/ccxt.samples.csproj" />
  </Folder>
  <Folder Name="/scripts/">
    <File Path="scripts/nuget-config.ps1.example" />
    <File Path="scripts/publish-nuget.bat" />
    <File Path="scripts/publish-nuget.ps1" />
    <File Path="scripts/unlist-nuget.bat" />
    <File Path="scripts/unlist-nuget.ps1" />
  </Folder>
  <Folder Name="/Solution Items/">
    <File Path=".gitattributes" />
    <File Path=".gitignore" />
    <File Path="LICENSE.md" />
    <File Path="README.md" />
  </Folder>
  <Folder Name="/src/">
    <Project Path="src/ccxt.net.csproj" />
  </Folder>
  <Folder Name="/tests/">
    <Project Path="tests/ccxt.tests.csproj" />
  </Folder>
</Solution>
